dependencies:
- name: redis
  repository: https://charts.bitnami.com/bitnami
  version: 17.3.14
- name: maykinhelmlib
  repository: file://../maykinhelmlib
  version: 0.1.0
digest: sha256:6bba46f6db2fb930fa5a94723b5c1cdde49ada53fd94bb78e6787b46ee63440b
generated: "2025-01-15T12:10:10.907988903+01:00"
