dependencies:
- name: redis
  repository: https://charts.bitnami.com/bitnami
  version: 17.3.14
- name: maykin-utils-lib
  repository: https://maykinmedia.github.io/charts/
  version: 0.2.1
- name: common
  repository: https://charts.bitnami.com/bitnami
  version: 2.27.0
digest: sha256:1b61d96ba3e2b678f3e518a11abe92c71f255d19d47130470dcc68d274e949c1
generated: "2025-03-28T12:47:31.728754734+01:00"
