dependencies:
- name: redis
  repository: https://charts.bitnami.com/bitnami
  version: 22.0.1
- name: maykin-utils-lib
  repository: https://maykinmedia.github.io/charts/
  version: 0.1.0
- name: common
  repository: https://charts.bitnami.com/bitnami
  version: 2.31.4
digest: sha256:0d2394173949eb68e9692917f033e577322085779262134a18bcbc265f9888e4
generated: "2025-08-24T19:03:54.030347659+02:00"
