dependencies:
- name: redis
  repository: https://charts.bitnami.com/bitnami
  version: 17.3.14
- name: maykin-utils-lib
  repository: https://maykinmedia.github.io/charts/
  version: 0.2.1
- name: common
  repository: https://charts.bitnami.com/bitnami
  version: 2.27.0
digest: sha256:d578c1b4ca7c6dc8a66870cb55e2cb5367beadb74a1df23fac16a8dad4caa248
generated: "2025-04-23T19:04:20.538417031+02:00"
