dependencies:
- name: redis
  repository: https://charts.bitnami.com/bitnami
  version: 17.3.14
- name: elasticsearch
  repository: https://charts.bitnami.com/bitnami
  version: 19.5.11
- name: common
  repository: https://charts.bitnami.com/bitnami
  version: 2.27.0
digest: sha256:8a3211c126312a5bf6734eeff7d9c95eefc099ae06338d6daee1a5405808e84f
generated: "2025-07-25T17:11:14.896788413+02:00"
