dependencies:
- name: redis
  repository: https://charts.bitnami.com/bitnami
  version: 22.0.1
- name: elasticsearch
  repository: https://charts.bitnami.com/bitnami
  version: 22.1.5
- name: common
  repository: https://charts.bitnami.com/bitnami
  version: 2.31.4
digest: sha256:bc1a4f47d7cdaca9a55dc5d2859a7bb837393de9e9d4a46fa626c42d2359742e
generated: "2025-08-22T17:22:24.667546183+02:00"
