dependencies:
- name: redis
  repository: https://charts.bitnami.com/bitnami
  version: 17.3.14
- name: rabbitmq
  repository: https://charts.bitnami.com/bitnami
  version: 11.7.1
- name: common
  repository: https://charts.bitnami.com/bitnami
  version: 2.27.0
digest: sha256:3816c3408549028e7d9fd773d711c04441b6e098c3ce5f6be3c757c16ee82c52
generated: "2025-04-25T22:05:20.997694716Z"
