dependencies:
- name: redis
  repository: https://charts.bitnami.com/bitnami
  version: 17.3.14
- name: common
  repository: https://charts.bitnami.com/bitnami
  version: 2.27.0
digest: sha256:61ff98accf67bced0deb05c1c04d094a96ad5cfff0ac507c9dcd0361e4d18656
generated: "2025-04-25T22:03:31.572252929Z"
